// !$*UTF8*$!
{
	archiveVersion = 1;
	classes = {
	};
	objectVersion = 60;
	objects = {

/* Begin PBXBuildFile section */
		504EC30F1FED79650016851F /* Assets.xcassets in Resources */ = {isa = PBXBuildFile; fileRef = 504EC30E1FED79650016851F /* Assets.xcassets */; };
		AABB0060CCDD0060EEFF0060 /* ThmanyahSans-Bold.ttf in Resources */ = {isa = PBXBuildFile; fileRef = AABB0061CCDD0061EEFF0061 /* ThmanyahSans-Bold.ttf */; };
		504EC3121FED79650016851F /* LaunchScreen.storyboard in Resources */ = {isa = PBXBuildFile; fileRef = 504EC3101FED79650016851F /* LaunchScreen.storyboard */; };
		AABB0002CCDD0002EEFF0002 /* WorkoutActivityAttributes.swift in Sources */ = {isa = PBXBuildFile; fileRef = AABB0001CCDD0001EEFF0001 /* WorkoutActivityAttributes.swift */; };
		AABB0051CCDD0051EEFF0051 /* ToggleSetIntent.swift in Sources */ = {isa = PBXBuildFile; fileRef = AABB0050CCDD0050EEFF0050 /* ToggleSetIntent.swift */; };
		AABB0052CCDD0052EEFF0052 /* ToggleSetIntent.swift in Sources */ = {isa = PBXBuildFile; fileRef = AABB0050CCDD0050EEFF0050 /* ToggleSetIntent.swift */; };
		AABB000ACCDD000AEEFF000A /* WorkoutWidgetBundle.swift in Sources */ = {isa = PBXBuildFile; fileRef = AABB0009CCDD0009EEFF0009 /* WorkoutWidgetBundle.swift */; };
		AABB000CCCDD000CEEFF000C /* WorkoutWidgetLiveActivity.swift in Sources */ = {isa = PBXBuildFile; fileRef = AABB000BCCDD000BEEFF000B /* WorkoutWidgetLiveActivity.swift */; };
		AABB000FCCDD000FEEFF000F /* WorkoutWidget.xcassets in Resources */ = {isa = PBXBuildFile; fileRef = AABB000ECCDD000EEEFF000E /* WorkoutWidget.xcassets */; };
		AABB001ACCDD001AEEFF001A /* WorkoutActivityAttributes.swift in Sources */ = {isa = PBXBuildFile; fileRef = AABB0001CCDD0001EEFF0001 /* WorkoutActivityAttributes.swift */; };
		AABB0017CCDD0017EEFF0017 /* WorkoutWidget.appex in Embed Foundation Extensions */ = {isa = PBXBuildFile; fileRef = AABB0007CCDD0007EEFF0007 /* WorkoutWidget.appex */; settings = {ATTRIBUTES = (RemoveHeadersOnCopy, ); }; };
		B1A2C3D40000000000010001 /* HEXApp.swift in Sources */ = {isa = PBXBuildFile; fileRef = B1A2C3D40000000000010002 /* HEXApp.swift */; };
		B1A2C3D40000000000020001 /* ContentView.swift in Sources */ = {isa = PBXBuildFile; fileRef = B1A2C3D40000000000020002 /* ContentView.swift */; };
		B1A2C3D40000000000030001 /* MainTabView.swift in Sources */ = {isa = PBXBuildFile; fileRef = B1A2C3D40000000000030002 /* MainTabView.swift */; };
		B1A2C3D40000000000040001 /* AppState.swift in Sources */ = {isa = PBXBuildFile; fileRef = B1A2C3D40000000000040002 /* AppState.swift */; };
		B1A2C3D40000000000050001 /* Theme.swift in Sources */ = {isa = PBXBuildFile; fileRef = B1A2C3D40000000000050002 /* Theme.swift */; };
		B1A2C3D40000000000060001 /* SupabaseManager.swift in Sources */ = {isa = PBXBuildFile; fileRef = B1A2C3D40000000000060002 /* SupabaseManager.swift */; };
		B1A2C3D40000000000070001 /* Models.swift in Sources */ = {isa = PBXBuildFile; fileRef = B1A2C3D40000000000070002 /* Models.swift */; };
		B1A2C3D40000000000080001 /* LiveActivityService.swift in Sources */ = {isa = PBXBuildFile; fileRef = B1A2C3D40000000000080002 /* LiveActivityService.swift */; };
		B1A2C3D40000000000090001 /* LoginView.swift in Sources */ = {isa = PBXBuildFile; fileRef = B1A2C3D40000000000090002 /* LoginView.swift */; };
		B1A2C3D40000000000100001 /* SignupView.swift in Sources */ = {isa = PBXBuildFile; fileRef = B1A2C3D40000000000100002 /* SignupView.swift */; };
		B1A2C3D40000000000110001 /* OTPView.swift in Sources */ = {isa = PBXBuildFile; fileRef = B1A2C3D40000000000110002 /* OTPView.swift */; };
		B1A2C3D40000000000120001 /* WelcomeView.swift in Sources */ = {isa = PBXBuildFile; fileRef = B1A2C3D40000000000120002 /* WelcomeView.swift */; };
		B1A2C3D40000000000130001 /* HomeView.swift in Sources */ = {isa = PBXBuildFile; fileRef = B1A2C3D40000000000130002 /* HomeView.swift */; };
		B1A2C3D40000000000140001 /* TrainView.swift in Sources */ = {isa = PBXBuildFile; fileRef = B1A2C3D40000000000140002 /* TrainView.swift */; };
		B1A2C3D40000000000150001 /* ProgressTabView.swift in Sources */ = {isa = PBXBuildFile; fileRef = B1A2C3D40000000000150002 /* ProgressTabView.swift */; };
		B1A2C3D40000000000160001 /* CrewView.swift in Sources */ = {isa = PBXBuildFile; fileRef = B1A2C3D40000000000160002 /* CrewView.swift */; };
		B1A2C3D40000000000170001 /* PTChatView.swift in Sources */ = {isa = PBXBuildFile; fileRef = B1A2C3D40000000000170002 /* PTChatView.swift */; };
		B1A2C3D40000000000180001 /* AccountView.swift in Sources */ = {isa = PBXBuildFile; fileRef = B1A2C3D40000000000180002 /* AccountView.swift */; };
		B1A2C3D40000000000190001 /* OnboardingView.swift in Sources */ = {isa = PBXBuildFile; fileRef = B1A2C3D40000000000190002 /* OnboardingView.swift */; };
		B1A2C3D40000000000200001 /* Supabase in Frameworks */ = {isa = PBXBuildFile; productRef = B1A2C3D40000000000200002 /* Supabase */; };
		B1A2C3D40000000000210001 /* ImportView.swift in Sources */ = {isa = PBXBuildFile; fileRef = B1A2C3D40000000000210002 /* ImportView.swift */; };
		B1A2C3D40000000000220001 /* ProgrammeModalView.swift in Sources */ = {isa = PBXBuildFile; fileRef = B1A2C3D40000000000220002 /* ProgrammeModalView.swift */; };
		B1A2C3D40000000000230001 /* CalendarView.swift in Sources */ = {isa = PBXBuildFile; fileRef = B1A2C3D40000000000230002 /* CalendarView.swift */; };
		B1A2C3D40000000000240001 /* ProgrammeBuilder.swift in Sources */ = {isa = PBXBuildFile; fileRef = B1A2C3D40000000000240002 /* ProgrammeBuilder.swift */; };
		B1A2C3D40000000000250001 /* ImportHelpers.swift in Sources */ = {isa = PBXBuildFile; fileRef = B1A2C3D40000000000250002 /* ImportHelpers.swift */; };
		B1A2C3D40000000000260001 /* ExerciseLiftPage.swift in Sources */ = {isa = PBXBuildFile; fileRef = B1A2C3D40000000000260002 /* ExerciseLiftPage.swift */; };
		B1A2C3D40000000000270001 /* MuscleUtils.swift in Sources */ = {isa = PBXBuildFile; fileRef = B1A2C3D40000000000270002 /* MuscleUtils.swift */; };
		B1A2C3D40000000000280001 /* MusclePage.swift in Sources */ = {isa = PBXBuildFile; fileRef = B1A2C3D40000000000280002 /* MusclePage.swift */; };
		B1A2C3D40000000000290001 /* ProgrammePage.swift in Sources */ = {isa = PBXBuildFile; fileRef = B1A2C3D40000000000290002 /* ProgrammePage.swift */; };
		B1A2C3D40000000000300001 /* ExercisePickerSheet.swift in Sources */ = {isa = PBXBuildFile; fileRef = B1A2C3D40000000000300002 /* ExercisePickerSheet.swift */; };
		B1A2C3D40000000000310001 /* EditableField.swift in Sources */ = {isa = PBXBuildFile; fileRef = B1A2C3D40000000000310002 /* EditableField.swift */; };
		B1A2C3D40000000000320001 /* ManualProgrammeBuilder.swift in Sources */ = {isa = PBXBuildFile; fileRef = B1A2C3D40000000000320002 /* ManualProgrammeBuilder.swift */; };
		B1A2C3D40000000000330001 /* FriendModels.swift in Sources */ = {isa = PBXBuildFile; fileRef = B1A2C3D40000000000330002 /* FriendModels.swift */; };
		B1A2C3D40000000000340001 /* SupabaseManager+Friends.swift in Sources */ = {isa = PBXBuildFile; fileRef = B1A2C3D40000000000340002 /* SupabaseManager+Friends.swift */; };
		B1A2C3D40000000000350001 /* FriendProfilePage.swift in Sources */ = {isa = PBXBuildFile; fileRef = B1A2C3D40000000000350002 /* FriendProfilePage.swift */; };
		B1A2C3D40000000000360001 /* PTReplies.swift in Sources */ = {isa = PBXBuildFile; fileRef = B1A2C3D40000000000360002 /* PTReplies.swift */; };
		B1A2C3D40000000000370001 /* LiftPickerSheet.swift in Sources */ = {isa = PBXBuildFile; fileRef = B1A2C3D40000000000370002 /* LiftPickerSheet.swift */; };
		B1A2C3D40000000000380001 /* RealtimeSync.swift in Sources */ = {isa = PBXBuildFile; fileRef = B1A2C3D40000000000380002 /* RealtimeSync.swift */; };
		B1A2C3D40000000000390001 /* ConfettiBurst.swift in Sources */ = {isa = PBXBuildFile; fileRef = B1A2C3D40000000000390002 /* ConfettiBurst.swift */; };
		B1A2C3D400000000003B0001 /* LenientDate.swift in Sources */ = {isa = PBXBuildFile; fileRef = B1A2C3D400000000003B0002 /* LenientDate.swift */; };
		B1A2C3D400000000003C0001 /* ProfileView.swift in Sources */ = {isa = PBXBuildFile; fileRef = B1A2C3D400000000003C0002 /* ProfileView.swift */; };
		B1A2C3D400000000003D0001 /* Badges.swift in Sources */ = {isa = PBXBuildFile; fileRef = B1A2C3D400000000003D0002 /* Badges.swift */; };
		B1A2C3D400000000003E0001 /* SupabaseManager+Leagues.swift in Sources */ = {isa = PBXBuildFile; fileRef = B1A2C3D400000000003E0002 /* SupabaseManager+Leagues.swift */; };
		B1A2C3D400000000003F0001 /* LeagueViews.swift in Sources */ = {isa = PBXBuildFile; fileRef = B1A2C3D400000000003F0002 /* LeagueViews.swift */; };
/* End PBXBuildFile section */

/* Begin PBXCopyFilesBuildPhase section */
		AABB0016CCDD0016EEFF0016 /* Embed Foundation Extensions */ = {
			isa = PBXCopyFilesBuildPhase;
			buildActionMask = 2147483647;
			dstPath = "";
			dstSubfolderSpec = 13;
			files = (
				AABB0017CCDD0017EEFF0017 /* WorkoutWidget.appex in Embed Foundation Extensions */,
			);
			name = "Embed Foundation Extensions";
			runOnlyForDeploymentPostprocessing = 0;
		};
/* End PBXCopyFilesBuildPhase section */

/* Begin PBXFileReference section */
		504EC3041FED79650016851F /* App.app */ = {isa = PBXFileReference; explicitFileType = wrapper.application; includeInIndex = 0; path = App.app; sourceTree = BUILT_PRODUCTS_DIR; };
		504EC30E1FED79650016851F /* Assets.xcassets */ = {isa = PBXFileReference; lastKnownFileType = folder.assetcatalog; path = Assets.xcassets; sourceTree = "<group>"; };
		AABB0061CCDD0061EEFF0061 /* ThmanyahSans-Bold.ttf */ = {isa = PBXFileReference; lastKnownFileType = file; path = "Fonts/ThmanyahSans-Bold.ttf"; sourceTree = "<group>"; };
		504EC3111FED79650016851F /* Base */ = {isa = PBXFileReference; lastKnownFileType = file.storyboard; name = Base; path = Base.lproj/LaunchScreen.storyboard; sourceTree = "<group>"; };
		504EC3131FED79650016851F /* Info.plist */ = {isa = PBXFileReference; lastKnownFileType = text.plist.xml; path = Info.plist; sourceTree = "<group>"; };
		AABB0001CCDD0001EEFF0001 /* WorkoutActivityAttributes.swift */ = {isa = PBXFileReference; lastKnownFileType = sourcecode.swift; path = WorkoutActivityAttributes.swift; sourceTree = "<group>"; };
		AABB0050CCDD0050EEFF0050 /* ToggleSetIntent.swift */ = {isa = PBXFileReference; lastKnownFileType = sourcecode.swift; path = ToggleSetIntent.swift; sourceTree = "<group>"; };
		AABB0007CCDD0007EEFF0007 /* WorkoutWidget.appex */ = {isa = PBXFileReference; explicitFileType = "wrapper.app-extension"; includeInIndex = 0; path = WorkoutWidget.appex; sourceTree = BUILT_PRODUCTS_DIR; };
		AABB0009CCDD0009EEFF0009 /* WorkoutWidgetBundle.swift */ = {isa = PBXFileReference; lastKnownFileType = sourcecode.swift; path = WorkoutWidgetBundle.swift; sourceTree = "<group>"; };
		AABB000BCCDD000BEEFF000B /* WorkoutWidgetLiveActivity.swift */ = {isa = PBXFileReference; lastKnownFileType = sourcecode.swift; path = WorkoutWidgetLiveActivity.swift; sourceTree = "<group>"; };
		AABB000DCCDD000DEEFF000D /* WorkoutWidget-Info.plist */ = {isa = PBXFileReference; lastKnownFileType = text.plist.xml; path = "WorkoutWidget-Info.plist"; sourceTree = "<group>"; };
		AABB000ECCDD000EEEFF000E /* WorkoutWidget.xcassets */ = {isa = PBXFileReference; lastKnownFileType = folder.assetcatalog; path = WorkoutWidget.xcassets; sourceTree = "<group>"; };
		B1A2C3D40000000000010002 /* HEXApp.swift */ = {isa = PBXFileReference; lastKnownFileType = sourcecode.swift; path = HEXApp.swift; sourceTree = "<group>"; };
		B1A2C3D40000000000020002 /* ContentView.swift */ = {isa = PBXFileReference; lastKnownFileType = sourcecode.swift; path = ContentView.swift; sourceTree = "<group>"; };
		B1A2C3D40000000000030002 /* MainTabView.swift */ = {isa = PBXFileReference; lastKnownFileType = sourcecode.swift; path = MainTabView.swift; sourceTree = "<group>"; };
		B1A2C3D40000000000040002 /* AppState.swift */ = {isa = PBXFileReference; lastKnownFileType = sourcecode.swift; path = AppState.swift; sourceTree = "<group>"; };
		B1A2C3D40000000000050002 /* Theme.swift */ = {isa = PBXFileReference; lastKnownFileType = sourcecode.swift; path = Theme.swift; sourceTree = "<group>"; };
		B1A2C3D40000000000060002 /* SupabaseManager.swift */ = {isa = PBXFileReference; lastKnownFileType = sourcecode.swift; path = SupabaseManager.swift; sourceTree = "<group>"; };
		B1A2C3D40000000000070002 /* Models.swift */ = {isa = PBXFileReference; lastKnownFileType = sourcecode.swift; path = Models.swift; sourceTree = "<group>"; };
		B1A2C3D40000000000080002 /* LiveActivityService.swift */ = {isa = PBXFileReference; lastKnownFileType = sourcecode.swift; path = LiveActivityService.swift; sourceTree = "<group>"; };
		B1A2C3D40000000000090002 /* LoginView.swift */ = {isa = PBXFileReference; lastKnownFileType = sourcecode.swift; path = LoginView.swift; sourceTree = "<group>"; };
		B1A2C3D40000000000100002 /* SignupView.swift */ = {isa = PBXFileReference; lastKnownFileType = sourcecode.swift; path = SignupView.swift; sourceTree = "<group>"; };
		B1A2C3D40000000000110002 /* OTPView.swift */ = {isa = PBXFileReference; lastKnownFileType = sourcecode.swift; path = OTPView.swift; sourceTree = "<group>"; };
		B1A2C3D40000000000120002 /* WelcomeView.swift */ = {isa = PBXFileReference; lastKnownFileType = sourcecode.swift; path = WelcomeView.swift; sourceTree = "<group>"; };
		B1A2C3D40000000000130002 /* HomeView.swift */ = {isa = PBXFileReference; lastKnownFileType = sourcecode.swift; path = HomeView.swift; sourceTree = "<group>"; };
		B1A2C3D40000000000140002 /* TrainView.swift */ = {isa = PBXFileReference; lastKnownFileType = sourcecode.swift; path = TrainView.swift; sourceTree = "<group>"; };
		B1A2C3D40000000000150002 /* ProgressTabView.swift */ = {isa = PBXFileReference; lastKnownFileType = sourcecode.swift; path = ProgressTabView.swift; sourceTree = "<group>"; };
		B1A2C3D40000000000160002 /* CrewView.swift */ = {isa = PBXFileReference; lastKnownFileType = sourcecode.swift; path = CrewView.swift; sourceTree = "<group>"; };
		B1A2C3D40000000000170002 /* PTChatView.swift */ = {isa = PBXFileReference; lastKnownFileType = sourcecode.swift; path = PTChatView.swift; sourceTree = "<group>"; };
		B1A2C3D40000000000180002 /* AccountView.swift */ = {isa = PBXFileReference; lastKnownFileType = sourcecode.swift; path = AccountView.swift; sourceTree = "<group>"; };
		B1A2C3D40000000000190002 /* OnboardingView.swift */ = {isa = PBXFileReference; lastKnownFileType = sourcecode.swift; path = OnboardingView.swift; sourceTree = "<group>"; };
		B1A2C3D40000000000210002 /* ImportView.swift */ = {isa = PBXFileReference; lastKnownFileType = sourcecode.swift; path = ImportView.swift; sourceTree = "<group>"; };
		B1A2C3D40000000000220002 /* ProgrammeModalView.swift */ = {isa = PBXFileReference; lastKnownFileType = sourcecode.swift; path = ProgrammeModalView.swift; sourceTree = "<group>"; };
		B1A2C3D40000000000230002 /* CalendarView.swift */ = {isa = PBXFileReference; lastKnownFileType = sourcecode.swift; path = CalendarView.swift; sourceTree = "<group>"; };
		B1A2C3D40000000000240002 /* ProgrammeBuilder.swift */ = {isa = PBXFileReference; lastKnownFileType = sourcecode.swift; path = ProgrammeBuilder.swift; sourceTree = "<group>"; };
		B1A2C3D40000000000250002 /* ImportHelpers.swift */ = {isa = PBXFileReference; lastKnownFileType = sourcecode.swift; path = ImportHelpers.swift; sourceTree = "<group>"; };
		B1A2C3D40000000000260002 /* ExerciseLiftPage.swift */ = {isa = PBXFileReference; lastKnownFileType = sourcecode.swift; path = ExerciseLiftPage.swift; sourceTree = "<group>"; };
		B1A2C3D40000000000270002 /* MuscleUtils.swift */ = {isa = PBXFileReference; lastKnownFileType = sourcecode.swift; path = MuscleUtils.swift; sourceTree = "<group>"; };
		B1A2C3D40000000000280002 /* MusclePage.swift */ = {isa = PBXFileReference; lastKnownFileType = sourcecode.swift; path = MusclePage.swift; sourceTree = "<group>"; };
		B1A2C3D40000000000290002 /* ProgrammePage.swift */ = {isa = PBXFileReference; lastKnownFileType = sourcecode.swift; path = ProgrammePage.swift; sourceTree = "<group>"; };
		B1A2C3D40000000000300002 /* ExercisePickerSheet.swift */ = {isa = PBXFileReference; lastKnownFileType = sourcecode.swift; path = ExercisePickerSheet.swift; sourceTree = "<group>"; };
		B1A2C3D40000000000310002 /* EditableField.swift */ = {isa = PBXFileReference; lastKnownFileType = sourcecode.swift; path = EditableField.swift; sourceTree = "<group>"; };
		B1A2C3D40000000000320002 /* ManualProgrammeBuilder.swift */ = {isa = PBXFileReference; lastKnownFileType = sourcecode.swift; path = ManualProgrammeBuilder.swift; sourceTree = "<group>"; };
		B1A2C3D40000000000330002 /* FriendModels.swift */ = {isa = PBXFileReference; lastKnownFileType = sourcecode.swift; path = FriendModels.swift; sourceTree = "<group>"; };
		B1A2C3D40000000000340002 /* SupabaseManager+Friends.swift */ = {isa = PBXFileReference; lastKnownFileType = sourcecode.swift; path = "SupabaseManager+Friends.swift"; sourceTree = "<group>"; };
		B1A2C3D40000000000350002 /* FriendProfilePage.swift */ = {isa = PBXFileReference; lastKnownFileType = sourcecode.swift; path = FriendProfilePage.swift; sourceTree = "<group>"; };
		B1A2C3D40000000000360002 /* PTReplies.swift */ = {isa = PBXFileReference; lastKnownFileType = sourcecode.swift; path = PTReplies.swift; sourceTree = "<group>"; };
		B1A2C3D40000000000370002 /* LiftPickerSheet.swift */ = {isa = PBXFileReference; lastKnownFileType = sourcecode.swift; path = LiftPickerSheet.swift; sourceTree = "<group>"; };
		B1A2C3D40000000000380002 /* RealtimeSync.swift */ = {isa = PBXFileReference; lastKnownFileType = sourcecode.swift; path = RealtimeSync.swift; sourceTree = "<group>"; };
		B1A2C3D40000000000390002 /* ConfettiBurst.swift */ = {isa = PBXFileReference; lastKnownFileType = sourcecode.swift; path = ConfettiBurst.swift; sourceTree = "<group>"; };
		B1A2C3D400000000003B0002 /* LenientDate.swift */ = {isa = PBXFileReference; lastKnownFileType = sourcecode.swift; path = LenientDate.swift; sourceTree = "<group>"; };
		B1A2C3D400000000003C0002 /* ProfileView.swift */ = {isa = PBXFileReference; lastKnownFileType = sourcecode.swift; path = ProfileView.swift; sourceTree = "<group>"; };
		B1A2C3D400000000003D0002 /* Badges.swift */ = {isa = PBXFileReference; lastKnownFileType = sourcecode.swift; path = Badges.swift; sourceTree = "<group>"; };
		B1A2C3D400000000003E0002 /* SupabaseManager+Leagues.swift */ = {isa = PBXFileReference; lastKnownFileType = sourcecode.swift; path = "SupabaseManager+Leagues.swift"; sourceTree = "<group>"; };
		B1A2C3D400000000003F0002 /* LeagueViews.swift */ = {isa = PBXFileReference; lastKnownFileType = sourcecode.swift; path = LeagueViews.swift; sourceTree = "<group>"; };
/* End PBXFileReference section */

/* Begin PBXFrameworksBuildPhase section */
		504EC3011FED79650016851F /* Frameworks */ = {
			isa = PBXFrameworksBuildPhase;
			buildActionMask = 2147483647;
			files = (
				B1A2C3D40000000000200001 /* Supabase in Frameworks */,
			);
			runOnlyForDeploymentPostprocessing = 0;
		};
		AABB0011CCDD0011EEFF0011 /* Frameworks */ = {
			isa = PBXFrameworksBuildPhase;
			buildActionMask = 2147483647;
			files = (
			);
			runOnlyForDeploymentPostprocessing = 0;
		};
/* End PBXFrameworksBuildPhase section */

/* Begin PBXGroup section */
		504EC2FB1FED79650016851F = {
			isa = PBXGroup;
			children = (
				504EC3061FED79650016851F /* App */,
				AABB0006CCDD0006EEFF0006 /* WorkoutWidget */,
				504EC3051FED79650016851F /* Products */,
			);
			sourceTree = "<group>";
		};
		504EC3051FED79650016851F /* Products */ = {
			isa = PBXGroup;
			children = (
				504EC3041FED79650016851F /* App.app */,
				AABB0007CCDD0007EEFF0007 /* WorkoutWidget.appex */,
			);
			name = Products;
			sourceTree = "<group>";
		};
		504EC3061FED79650016851F /* App */ = {
			isa = PBXGroup;
			children = (
				B1A2C3D40000000000010002 /* HEXApp.swift */,
				B1A2C3D40000000000020002 /* ContentView.swift */,
				B1A2C3D40000000000030002 /* MainTabView.swift */,
				B1A2C3D40000000000040002 /* AppState.swift */,
				B1A2C3D40000000000050002 /* Theme.swift */,
				B1A2C3D40000000000060002 /* SupabaseManager.swift */,
				B1A2C3D40000000000070002 /* Models.swift */,
				B1A2C3D40000000000080002 /* LiveActivityService.swift */,
				B1A2C3D40000000000090002 /* LoginView.swift */,
				B1A2C3D40000000000100002 /* SignupView.swift */,
				B1A2C3D40000000000110002 /* OTPView.swift */,
				B1A2C3D40000000000120002 /* WelcomeView.swift */,
				B1A2C3D40000000000130002 /* HomeView.swift */,
				B1A2C3D40000000000140002 /* TrainView.swift */,
				B1A2C3D40000000000150002 /* ProgressTabView.swift */,
				B1A2C3D40000000000160002 /* CrewView.swift */,
				B1A2C3D40000000000170002 /* PTChatView.swift */,
				B1A2C3D40000000000180002 /* AccountView.swift */,
				B1A2C3D40000000000190002 /* OnboardingView.swift */,
				B1A2C3D40000000000210002 /* ImportView.swift */,
				B1A2C3D40000000000220002 /* ProgrammeModalView.swift */,
				B1A2C3D40000000000230002 /* CalendarView.swift */,
				B1A2C3D40000000000240002 /* ProgrammeBuilder.swift */,
				B1A2C3D40000000000250002 /* ImportHelpers.swift */,
				B1A2C3D40000000000260002 /* ExerciseLiftPage.swift */,
				B1A2C3D40000000000270002 /* MuscleUtils.swift */,
				B1A2C3D40000000000280002 /* MusclePage.swift */,
				B1A2C3D40000000000290002 /* ProgrammePage.swift */,
				B1A2C3D40000000000300002 /* ExercisePickerSheet.swift */,
				B1A2C3D40000000000310002 /* EditableField.swift */,
				B1A2C3D40000000000320002 /* ManualProgrammeBuilder.swift */,
				B1A2C3D40000000000330002 /* FriendModels.swift */,
				B1A2C3D40000000000340002 /* SupabaseManager+Friends.swift */,
				B1A2C3D40000000000350002 /* FriendProfilePage.swift */,
				B1A2C3D40000000000360002 /* PTReplies.swift */,
				B1A2C3D40000000000370002 /* LiftPickerSheet.swift */,
				B1A2C3D40000000000380002 /* RealtimeSync.swift */,
				B1A2C3D40000000000390002 /* ConfettiBurst.swift */,
				B1A2C3D400000000003B0002 /* LenientDate.swift */,
				B1A2C3D400000000003C0002 /* ProfileView.swift */,
				B1A2C3D400000000003D0002 /* Badges.swift */,
				B1A2C3D400000000003E0002 /* SupabaseManager+Leagues.swift */,
				B1A2C3D400000000003F0002 /* LeagueViews.swift */,
				AABB0001CCDD0001EEFF0001 /* WorkoutActivityAttributes.swift */,
				AABB0050CCDD0050EEFF0050 /* ToggleSetIntent.swift */,
				AABB0061CCDD0061EEFF0061 /* ThmanyahSans-Bold.ttf */,
				504EC30E1FED79650016851F /* Assets.xcassets */,
				504EC3101FED79650016851F /* LaunchScreen.storyboard */,
				504EC3131FED79650016851F /* Info.plist */,
			);
			path = App;
			sourceTree = "<group>";
		};
		AABB0006CCDD0006EEFF0006 /* WorkoutWidget */ = {
			isa = PBXGroup;
			children = (
				AABB0009CCDD0009EEFF0009 /* WorkoutWidgetBundle.swift */,
				AABB000BCCDD000BEEFF000B /* WorkoutWidgetLiveActivity.swift */,
				AABB000DCCDD000DEEFF000D /* WorkoutWidget-Info.plist */,
				AABB000ECCDD000EEEFF000E /* WorkoutWidget.xcassets */,
			);
			path = WorkoutWidget;
			sourceTree = "<group>";
		};
/* End PBXGroup section */

/* Begin PBXNativeTarget section */
		504EC3031FED79650016851F /* App */ = {
			isa = PBXNativeTarget;
			buildConfigurationList = 504EC3161FED79650016851F /* Build configuration list for PBXNativeTarget "App" */;
			buildPhases = (
				504EC3001FED79650016851F /* Sources */,
				504EC3011FED79650016851F /* Frameworks */,
				504EC3021FED79650016851F /* Resources */,
				AABB0016CCDD0016EEFF0016 /* Embed Foundation Extensions */,
			);
			buildRules = (
			);
			dependencies = (
				AABB0019CCDD0019EEFF0019 /* PBXTargetDependency */,
			);
			name = App;
			packageProductDependencies = (
				B1A2C3D40000000000200002 /* Supabase */,
			);
			productName = App;
			productReference = 504EC3041FED79650016851F /* App.app */;
			productType = "com.apple.product-type.application";
		};
		AABB0008CCDD0008EEFF0008 /* WorkoutWidget */ = {
			isa = PBXNativeTarget;
			buildConfigurationList = AABB0015CCDD0015EEFF0015 /* Build configuration list for PBXNativeTarget "WorkoutWidget" */;
			buildPhases = (
				AABB0010CCDD0010EEFF0010 /* Sources */,
				AABB0011CCDD0011EEFF0011 /* Frameworks */,
				AABB0012CCDD0012EEFF0012 /* Resources */,
			);
			buildRules = (
			);
			dependencies = (
			);
			name = WorkoutWidget;
			productName = WorkoutWidget;
			productReference = AABB0007CCDD0007EEFF0007 /* WorkoutWidget.appex */;
			productType = "com.apple.product-type.app-extension";
		};
/* End PBXNativeTarget section */

/* Begin PBXProject section */
		504EC2FC1FED79650016851F /* Project object */ = {
			isa = PBXProject;
			attributes = {
				LastSwiftUpdateCheck = 1500;
				LastUpgradeCheck = 1500;
				TargetAttributes = {
					504EC3031FED79650016851F = {
						CreatedOnToolsVersion = 9.2;
						LastSwiftMigration = 1100;
						ProvisioningStyle = Manual;
					};
					AABB0008CCDD0008EEFF0008 = {
						CreatedOnToolsVersion = 15.0;
						ProvisioningStyle = Manual;
					};
				};
			};
			buildConfigurationList = 504EC2FF1FED79650016851F /* Build configuration list for PBXProject "App" */;
			compatibilityVersion = "Xcode 14.0";
			developmentRegion = en;
			hasScannedForEncodings = 0;
			knownRegions = (
				en,
				Base,
			);
			mainGroup = 504EC2FB1FED79650016851F;
			packageReferences = (
				B1A2C3D40000000000200003 /* XCRemoteSwiftPackageReference "supabase-swift" */,
			);
			productRefGroup = 504EC3051FED79650016851F /* Products */;
			projectDirPath = "";
			projectRoot = "";
			targets = (
				504EC3031FED79650016851F /* App */,
				AABB0008CCDD0008EEFF0008 /* WorkoutWidget */,
			);
		};
/* End PBXProject section */

/* Begin PBXResourcesBuildPhase section */
		504EC3021FED79650016851F /* Resources */ = {
			isa = PBXResourcesBuildPhase;
			buildActionMask = 2147483647;
			files = (
				504EC3121FED79650016851F /* LaunchScreen.storyboard in Resources */,
				504EC30F1FED79650016851F /* Assets.xcassets in Resources */,
				AABB0060CCDD0060EEFF0060 /* ThmanyahSans-Bold.ttf in Resources */,
			);
			runOnlyForDeploymentPostprocessing = 0;
		};
		AABB0012CCDD0012EEFF0012 /* Resources */ = {
			isa = PBXResourcesBuildPhase;
			buildActionMask = 2147483647;
			files = (
				AABB000FCCDD000FEEFF000F /* WorkoutWidget.xcassets in Resources */,
			);
			runOnlyForDeploymentPostprocessing = 0;
		};
/* End PBXResourcesBuildPhase section */

/* Begin PBXSourcesBuildPhase section */
		504EC3001FED79650016851F /* Sources */ = {
			isa = PBXSourcesBuildPhase;
			buildActionMask = 2147483647;
			files = (
				B1A2C3D40000000000010001 /* HEXApp.swift in Sources */,
				B1A2C3D40000000000020001 /* ContentView.swift in Sources */,
				B1A2C3D40000000000030001 /* MainTabView.swift in Sources */,
				B1A2C3D40000000000040001 /* AppState.swift in Sources */,
				B1A2C3D40000000000050001 /* Theme.swift in Sources */,
				B1A2C3D40000000000060001 /* SupabaseManager.swift in Sources */,
				B1A2C3D40000000000070001 /* Models.swift in Sources */,
				B1A2C3D40000000000080001 /* LiveActivityService.swift in Sources */,
				B1A2C3D40000000000090001 /* LoginView.swift in Sources */,
				B1A2C3D40000000000100001 /* SignupView.swift in Sources */,
				B1A2C3D40000000000110001 /* OTPView.swift in Sources */,
				B1A2C3D40000000000120001 /* WelcomeView.swift in Sources */,
				B1A2C3D40000000000130001 /* HomeView.swift in Sources */,
				B1A2C3D40000000000140001 /* TrainView.swift in Sources */,
				B1A2C3D40000000000150001 /* ProgressTabView.swift in Sources */,
				B1A2C3D40000000000160001 /* CrewView.swift in Sources */,
				B1A2C3D40000000000170001 /* PTChatView.swift in Sources */,
				B1A2C3D40000000000180001 /* AccountView.swift in Sources */,
				B1A2C3D40000000000190001 /* OnboardingView.swift in Sources */,
				B1A2C3D40000000000210001 /* ImportView.swift in Sources */,
				B1A2C3D40000000000220001 /* ProgrammeModalView.swift in Sources */,
				B1A2C3D40000000000230001 /* CalendarView.swift in Sources */,
				B1A2C3D40000000000240001 /* ProgrammeBuilder.swift in Sources */,
				B1A2C3D40000000000250001 /* ImportHelpers.swift in Sources */,
				B1A2C3D40000000000260001 /* ExerciseLiftPage.swift in Sources */,
				B1A2C3D40000000000270001 /* MuscleUtils.swift in Sources */,
				B1A2C3D40000000000280001 /* MusclePage.swift in Sources */,
				B1A2C3D40000000000290001 /* ProgrammePage.swift in Sources */,
				B1A2C3D40000000000300001 /* ExercisePickerSheet.swift in Sources */,
				B1A2C3D40000000000310001 /* EditableField.swift in Sources */,
				B1A2C3D40000000000320001 /* ManualProgrammeBuilder.swift in Sources */,
				B1A2C3D40000000000330001 /* FriendModels.swift in Sources */,
				B1A2C3D40000000000340001 /* SupabaseManager+Friends.swift in Sources */,
				B1A2C3D40000000000350001 /* FriendProfilePage.swift in Sources */,
				B1A2C3D40000000000360001 /* PTReplies.swift in Sources */,
				B1A2C3D40000000000370001 /* LiftPickerSheet.swift in Sources */,
				B1A2C3D40000000000380001 /* RealtimeSync.swift in Sources */,
				B1A2C3D40000000000390001 /* ConfettiBurst.swift in Sources */,
				B1A2C3D400000000003B0001 /* LenientDate.swift in Sources */,
				B1A2C3D400000000003C0001 /* ProfileView.swift in Sources */,
				B1A2C3D400000000003D0001 /* Badges.swift in Sources */,
				B1A2C3D400000000003E0001 /* SupabaseManager+Leagues.swift in Sources */,
				B1A2C3D400000000003F0001 /* LeagueViews.swift in Sources */,
				AABB0002CCDD0002EEFF0002 /* WorkoutActivityAttributes.swift in Sources */,
				AABB0051CCDD0051EEFF0051 /* ToggleSetIntent.swift in Sources */,
			);
			runOnlyForDeploymentPostprocessing = 0;
		};
		AABB0010CCDD0010EEFF0010 /* Sources */ = {
			isa = PBXSourcesBuildPhase;
			buildActionMask = 2147483647;
			files = (
				AABB001ACCDD001AEEFF001A /* WorkoutActivityAttributes.swift in Sources */,
				AABB000ACCDD000AEEFF000A /* WorkoutWidgetBundle.swift in Sources */,
				AABB000CCCDD000CEEFF000C /* WorkoutWidgetLiveActivity.swift in Sources */,
				AABB0052CCDD0052EEFF0052 /* ToggleSetIntent.swift in Sources */,
			);
			runOnlyForDeploymentPostprocessing = 0;
		};
/* End PBXSourcesBuildPhase section */

/* Begin PBXTargetDependency section */
		AABB0019CCDD0019EEFF0019 /* PBXTargetDependency */ = {
			isa = PBXTargetDependency;
			target = AABB0008CCDD0008EEFF0008 /* WorkoutWidget */;
			targetProxy = AABB0018CCDD0018EEFF0018 /* PBXContainerItemProxy */;
		};
/* End PBXTargetDependency section */

/* Begin PBXContainerItemProxy section */
		AABB0018CCDD0018EEFF0018 /* PBXContainerItemProxy */ = {
			isa = PBXContainerItemProxy;
			containerPortal = 504EC2FC1FED79650016851F /* Project object */;
			proxyType = 1;
			remoteGlobalIDString = AABB0008CCDD0008EEFF0008;
			remoteInfo = WorkoutWidget;
		};
/* End PBXContainerItemProxy section */

/* Begin PBXVariantGroup section */
		504EC3101FED79650016851F /* LaunchScreen.storyboard */ = {
			isa = PBXVariantGroup;
			children = (
				504EC3111FED79650016851F /* Base */,
			);
			name = LaunchScreen.storyboard;
			sourceTree = "<group>";
		};
/* End PBXVariantGroup section */

/* Begin XCBuildConfiguration section */
		504EC3141FED79650016851F /* Debug */ = {
			isa = XCBuildConfiguration;
			buildSettings = {
				ALWAYS_SEARCH_USER_PATHS = NO;
				CLANG_ANALYZER_NONNULL = YES;
				CLANG_ANALYZER_NUMBER_OBJECT_CONVERSION = YES_AGGRESSIVE;
				CLANG_CXX_LANGUAGE_STANDARD = "gnu++14";
				CLANG_CXX_LIBRARY = "libc++";
				CLANG_ENABLE_MODULES = YES;
				CLANG_ENABLE_OBJC_ARC = YES;
				CLANG_WARN_BLOCK_CAPTURE_AUTORELEASING = YES;
				CLANG_WARN_BOOL_CONVERSION = YES;
				CLANG_WARN_COMMA = YES;
				CLANG_WARN_CONSTANT_CONVERSION = YES;
				CLANG_WARN_DIRECT_OBJC_ISA_USAGE = YES_ERROR;
				CLANG_WARN_DOCUMENTATION_COMMENTS = YES;
				CLANG_WARN_EMPTY_BODY = YES;
				CLANG_WARN_ENUM_CONVERSION = YES;
				CLANG_WARN_INFINITE_RECURSION = YES;
				CLANG_WARN_INT_CONVERSION = YES;
				CLANG_WARN_NON_LITERAL_NULL_CONVERSION = YES;
				CLANG_WARN_OBJC_LITERAL_CONVERSION = YES;
				CLANG_WARN_OBJC_ROOT_CLASS = YES_ERROR;
				CLANG_WARN_RANGE_LOOP_ANALYSIS = YES;
				CLANG_WARN_STRICT_PROTOTYPES = YES;
				CLANG_WARN_SUSPICIOUS_MOVE = YES;
				CLANG_WARN_UNGUARDED_AVAILABILITY = YES_AGGRESSIVE;
				CLANG_WARN_UNREACHABLE_CODE = YES;
				CLANG_WARN__DUPLICATE_METHOD_MATCH = YES;
				CODE_SIGN_IDENTITY = "iPhone Developer";
				COPY_PHASE_STRIP = NO;
				DEBUG_INFORMATION_FORMAT = dwarf;
				ENABLE_STRICT_OBJC_MSGSEND = YES;
				ENABLE_TESTABILITY = YES;
				GCC_C_LANGUAGE_STANDARD = gnu11;
				GCC_DYNAMIC_NO_PIC = NO;
				GCC_NO_COMMON_BLOCKS = YES;
				GCC_OPTIMIZATION_LEVEL = 0;
				GCC_PREPROCESSOR_DEFINITIONS = (
					"DEBUG=1",
					"$(inherited)",
				);
				GCC_WARN_64_TO_32_BIT_CONVERSION = YES;
				GCC_WARN_ABOUT_RETURN_TYPE = YES_ERROR;
				GCC_WARN_UNDECLARED_SELECTOR = YES;
				GCC_WARN_UNINITIALIZED_AUTOS = YES_AGGRESSIVE;
				GCC_WARN_UNUSED_FUNCTION = YES;
				GCC_WARN_UNUSED_VARIABLE = YES;
				IPHONEOS_DEPLOYMENT_TARGET = 16.2;
				MTL_ENABLE_DEBUG_INFO = YES;
				ONLY_ACTIVE_ARCH = YES;
				SDKROOT = iphoneos;
				SWIFT_ACTIVE_COMPILATION_CONDITIONS = DEBUG;
				SWIFT_OPTIMIZATION_LEVEL = "-Onone";
			};
			name = Debug;
		};
		504EC3151FED79650016851F /* Release */ = {
			isa = XCBuildConfiguration;
			buildSettings = {
				ALWAYS_SEARCH_USER_PATHS = NO;
				CLANG_ANALYZER_NONNULL = YES;
				CLANG_ANALYZER_NUMBER_OBJECT_CONVERSION = YES_AGGRESSIVE;
				CLANG_CXX_LANGUAGE_STANDARD = "gnu++14";
				CLANG_CXX_LIBRARY = "libc++";
				CLANG_ENABLE_MODULES = YES;
				CLANG_ENABLE_OBJC_ARC = YES;
				CLANG_WARN_BLOCK_CAPTURE_AUTORELEASING = YES;
				CLANG_WARN_BOOL_CONVERSION = YES;
				CLANG_WARN_COMMA = YES;
				CLANG_WARN_CONSTANT_CONVERSION = YES;
				CLANG_WARN_DIRECT_OBJC_ISA_USAGE = YES_ERROR;
				CLANG_WARN_DOCUMENTATION_COMMENTS = YES;
				CLANG_WARN_EMPTY_BODY = YES;
				CLANG_WARN_ENUM_CONVERSION = YES;
				CLANG_WARN_INFINITE_RECURSION = YES;
				CLANG_WARN_INT_CONVERSION = YES;
				CLANG_WARN_NON_LITERAL_NULL_CONVERSION = YES;
				CLANG_WARN_OBJC_LITERAL_CONVERSION = YES;
				CLANG_WARN_OBJC_ROOT_CLASS = YES_ERROR;
				CLANG_WARN_RANGE_LOOP_ANALYSIS = YES;
				CLANG_WARN_STRICT_PROTOTYPES = YES;
				CLANG_WARN_SUSPICIOUS_MOVE = YES;
				CLANG_WARN_UNGUARDED_AVAILABILITY = YES_AGGRESSIVE;
				CLANG_WARN_UNREACHABLE_CODE = YES;
				CLANG_WARN__DUPLICATE_METHOD_MATCH = YES;
				CODE_SIGN_IDENTITY = "iPhone Developer";
				COPY_PHASE_STRIP = NO;
				DEBUG_INFORMATION_FORMAT = "dwarf-with-dsym";
				ENABLE_NS_ASSERTIONS = NO;
				ENABLE_STRICT_OBJC_MSGSEND = YES;
				GCC_C_LANGUAGE_STANDARD = gnu11;
				GCC_NO_COMMON_BLOCKS = YES;
				GCC_WARN_64_TO_32_BIT_CONVERSION = YES;
				GCC_WARN_ABOUT_RETURN_TYPE = YES_ERROR;
				GCC_WARN_UNDECLARED_SELECTOR = YES;
				GCC_WARN_UNINITIALIZED_AUTOS = YES_AGGRESSIVE;
				GCC_WARN_UNUSED_FUNCTION = YES;
				GCC_WARN_UNUSED_VARIABLE = YES;
				IPHONEOS_DEPLOYMENT_TARGET = 16.2;
				MTL_ENABLE_DEBUG_INFO = NO;
				SDKROOT = iphoneos;
				SWIFT_COMPILATION_MODE = wholemodule;
				SWIFT_OPTIMIZATION_LEVEL = "-O";
				VALIDATE_PRODUCT = YES;
			};
			name = Release;
		};
		504EC3171FED79650016851F /* Debug */ = {
			isa = XCBuildConfiguration;
			buildSettings = {
				ASSETCATALOG_COMPILER_APPICON_NAME = AppIcon;
				CODE_SIGN_ENTITLEMENTS = App/App.entitlements;
				CODE_SIGN_STYLE = Manual;
				CURRENT_PROJECT_VERSION = 15;
				INFOPLIST_FILE = App/Info.plist;
				INFOPLIST_KEY_UILaunchStoryboardName = LaunchScreen;
				IPHONEOS_DEPLOYMENT_TARGET = 16.2;
				LD_RUNPATH_SEARCH_PATHS = (
					"$(inherited)",
					"@executable_path/Frameworks",
				);
				MARKETING_VERSION = 1.0;
				PRODUCT_BUNDLE_IDENTIFIER = com.hexapp.training;
				PRODUCT_NAME = "$(TARGET_NAME)";
				PROVISIONING_PROFILE_SPECIFIER = "HEX App Store";
				SWIFT_ACTIVE_COMPILATION_CONDITIONS = DEBUG;
				SWIFT_VERSION = 5.0;
				TARGETED_DEVICE_FAMILY = "1,2";
			};
			name = Debug;
		};
		504EC3181FED79650016851F /* Release */ = {
			isa = XCBuildConfiguration;
			buildSettings = {
				ASSETCATALOG_COMPILER_APPICON_NAME = AppIcon;
				CODE_SIGN_ENTITLEMENTS = App/App.entitlements;
				CODE_SIGN_STYLE = Manual;
				CURRENT_PROJECT_VERSION = 15;
				INFOPLIST_FILE = App/Info.plist;
				INFOPLIST_KEY_UILaunchStoryboardName = LaunchScreen;
				IPHONEOS_DEPLOYMENT_TARGET = 16.2;
				LD_RUNPATH_SEARCH_PATHS = (
					"$(inherited)",
					"@executable_path/Frameworks",
				);
				MARKETING_VERSION = 1.0;
				PRODUCT_BUNDLE_IDENTIFIER = com.hexapp.training;
				PRODUCT_NAME = "$(TARGET_NAME)";
				PROVISIONING_PROFILE_SPECIFIER = "HEX App Store";
				SWIFT_ACTIVE_COMPILATION_CONDITIONS = "";
				SWIFT_VERSION = 5.0;
				TARGETED_DEVICE_FAMILY = "1,2";
			};
			name = Release;
		};
		AABB0013CCDD0013EEFF0013 /* Debug */ = {
			isa = XCBuildConfiguration;
			buildSettings = {
				CODE_SIGN_ENTITLEMENTS = WorkoutWidget/WorkoutWidget.entitlements;
				CODE_SIGN_IDENTITY = "Apple Development";
				CODE_SIGN_STYLE = Manual;
				CURRENT_PROJECT_VERSION = 15;
				INFOPLIST_FILE = WorkoutWidget/WorkoutWidget-Info.plist;
				IPHONEOS_DEPLOYMENT_TARGET = 17.0;
				LD_RUNPATH_SEARCH_PATHS = (
					"$(inherited)",
					"@executable_path/../../Frameworks",
					"@executable_path/Frameworks",
				);
				MARKETING_VERSION = 1.0;
				PRODUCT_BUNDLE_IDENTIFIER = com.hexapp.training.WorkoutWidget;
				PRODUCT_NAME = WorkoutWidget;
				PROVISIONING_PROFILE_SPECIFIER = "HEX WorkoutWidget App Store";
				SKIP_INSTALL = YES;
				SWIFT_VERSION = 5.0;
				TARGETED_DEVICE_FAMILY = "1,2";
			};
			name = Debug;
		};
		AABB0014CCDD0014EEFF0014 /* Release */ = {
			isa = XCBuildConfiguration;
			buildSettings = {
				CODE_SIGN_ENTITLEMENTS = WorkoutWidget/WorkoutWidget.entitlements;
				CODE_SIGN_IDENTITY = "Apple Distribution";
				CODE_SIGN_STYLE = Manual;
				CURRENT_PROJECT_VERSION = 15;
				INFOPLIST_FILE = WorkoutWidget/WorkoutWidget-Info.plist;
				IPHONEOS_DEPLOYMENT_TARGET = 17.0;
				LD_RUNPATH_SEARCH_PATHS = (
					"$(inherited)",
					"@executable_path/../../Frameworks",
					"@executable_path/Frameworks",
				);
				MARKETING_VERSION = 1.0;
				PRODUCT_BUNDLE_IDENTIFIER = com.hexapp.training.WorkoutWidget;
				PRODUCT_NAME = WorkoutWidget;
				PROVISIONING_PROFILE_SPECIFIER = "HEX WorkoutWidget App Store";
				SKIP_INSTALL = YES;
				SWIFT_VERSION = 5.0;
				TARGETED_DEVICE_FAMILY = "1,2";
			};
			name = Release;
		};
/* End XCBuildConfiguration section */

/* Begin XCConfigurationList section */
		504EC2FF1FED79650016851F /* Build configuration list for PBXProject "App" */ = {
			isa = XCConfigurationList;
			buildConfigurations = (
				504EC3141FED79650016851F /* Debug */,
				504EC3151FED79650016851F /* Release */,
			);
			defaultConfigurationIsVisible = 0;
			defaultConfigurationName = Release;
		};
		504EC3161FED79650016851F /* Build configuration list for PBXNativeTarget "App" */ = {
			isa = XCConfigurationList;
			buildConfigurations = (
				504EC3171FED79650016851F /* Debug */,
				504EC3181FED79650016851F /* Release */,
			);
			defaultConfigurationIsVisible = 0;
			defaultConfigurationName = Release;
		};
		AABB0015CCDD0015EEFF0015 /* Build configuration list for PBXNativeTarget "WorkoutWidget" */ = {
			isa = XCConfigurationList;
			buildConfigurations = (
				AABB0013CCDD0013EEFF0013 /* Debug */,
				AABB0014CCDD0014EEFF0014 /* Release */,
			);
			defaultConfigurationIsVisible = 0;
			defaultConfigurationName = Release;
		};
/* End XCConfigurationList section */

/* Begin XCRemoteSwiftPackageReference section */
		B1A2C3D40000000000200003 /* XCRemoteSwiftPackageReference "supabase-swift" */ = {
			isa = XCRemoteSwiftPackageReference;
			repositoryURL = "https://github.com/supabase/supabase-swift";
			requirement = {
				kind = upToNextMajorVersion;
				minimumVersion = 2.0.0;
			};
		};
/* End XCRemoteSwiftPackageReference section */

/* Begin XCSwiftPackageProductDependency section */
		B1A2C3D40000000000200002 /* Supabase */ = {
			isa = XCSwiftPackageProductDependency;
			package = B1A2C3D40000000000200003 /* XCRemoteSwiftPackageReference "supabase-swift" */;
			productName = Supabase;
		};
/* End XCSwiftPackageProductDependency section */
	};
	rootObject = 504EC2FC1FED79650016851F /* Project object */;
}
